
Microsoft Visual Studio Solution File, Format Version 12.00
# Visual Studio Version 16
VisualStudioVersion = 16.0.30711.63
MinimumVisualStudioVersion = 10.0.40219.1
Project("{9A19103F-16F7-4668-BE54-9A1E7A4F7556}") = "Pastel", "Pastel.csproj", "{05ADD505-C68D-40F3-B311-A43264B312FF}"
EndProject
Global
	GlobalSection(SolutionConfigurationPlatforms) = preSolution
		Debug|Any CPU = Debug|Any CPU
		Release|Any CPU = Release|Any CPU
	EndGlobalSection
	GlobalSection(ProjectConfigurationPlatforms) = postSolution
		{05ADD505-C68D-40F3-B311-A43264B312FF}.Debug|Any CPU.ActiveCfg = Debug|Any CPU
		{05ADD505-C68D-40F3-B311-A43264B312FF}.Debug|Any CPU.Build.0 = Debug|Any CPU
		{05ADD505-C68D-40F3-B311-A43264B312FF}.Release|Any CPU.ActiveCfg = Release|Any CPU
		{05ADD505-C68D-40F3-B311-A43264B312FF}.Release|Any CPU.Build.0 = Release|Any CPU
	EndGlobalSection
	GlobalSection(SolutionProperties) = preSolution
		HideSolutionNode = FALSE
	EndGlobalSection
	GlobalSection(ExtensibilityGlobals) = postSolution
		SolutionGuid = {E8B3F853-C2BE-441B-91A3-8E19E00607A5}
	EndGlobalSection
EndGlobal
